
Microsoft Visual Studio Solution File, Format Version 12.00
# Visual Studio Version 17
VisualStudioVersion = 17.8.34525.116
MinimumVisualStudioVersion = 10.0.40219.1
Project("{FAE04EC0-301F-11D3-BF4B-00C04F79EFBC}") = "Vision Perfect", "Vision Perfect\Vision Perfect.csproj", "{B52F3D8B-3228-4BFF-858E-F29A0DDCF4CA}"
EndProject
Global
	GlobalSection(SolutionConfigurationPlatforms) = preSolution
		Debug|Any CPU = Debug|Any CPU
		Release|Any CPU = Release|Any CPU
	EndGlobalSection
	GlobalSection(ProjectConfigurationPlatforms) = postSolution
		{B52F3D8B-3228-4BFF-858E-F29A0DDCF4CA}.Debug|Any CPU.ActiveCfg = Debug|Any CPU
		{B52F3D8B-3228-4BFF-858E-F29A0DDCF4CA}.Debug|Any CPU.Build.0 = Debug|Any CPU
		{B52F3D8B-3228-4BFF-858E-F29A0DDCF4CA}.Release|Any CPU.ActiveCfg = Release|Any CPU
		{B52F3D8B-3228-4BFF-858E-F29A0DDCF4CA}.Release|Any CPU.Build.0 = Release|Any CPU
	EndGlobalSection
	GlobalSection(SolutionProperties) = preSolution
		HideSolutionNode = FALSE
	EndGlobalSection
	GlobalSection(ExtensibilityGlobals) = postSolution
		SolutionGuid = {62CD8CD5-4576-4DD7-8984-78C00ABAACB9}
	EndGlobalSection
EndGlobal
